{
  "version": 4,
  "terraform_version": "1.3.10",
  "serial": 10,
  "lineage": "bf251c7a-10e7-800a-5f34-f03627a01215",
  "outputs": {
    "client_id": {
      "value": "eab6e795-f5cf-4433-88ab-7d56992e74d9",
      "type": "string"
    },
    "subscription_id": {
      "value": "81b0b41e-5edd-4af2-86ea-1b1457a4374c",
      "type": "string"
    },
    "tenant_id": {
      "value": "2db475df-db59-4f26-a4a5-b4829d6f7d86",
      "type": "string"
    }
  },
  "resources": [
    {
      "mode": "data",
      "type": "azurerm_client_config",
      "name": "current",
      "provider": "provider[\"registry.terraform.io/hashicorp/azurerm\"]",
      "instances": [
        {
          "schema_version": 0,
          "attributes": {
            "client_id": "04b07795-8ddb-461a-bbee-02f9e1bf7b46",
            "id": "Y2xpZW50Q29uZmlncy9jbGllbnRJZD0wNGIwNzc5NS04ZGRiLTQ2MWEtYmJlZS0wMmY5ZTFiZjdiNDY7b2JqZWN0SWQ9YjFiMjhiMGEtOGM4Ny00NDMyLTgyMTgtYTMyODNiYWQ5MDg0O3N1YnNjcmlwdGlvbklkPTgxYjBiNDFlLTVlZGQtNGFmMi04NmVhLTFiMTQ1N2E0Mzc0Yzt0ZW5hbnRJZD0yZGI0NzVkZi1kYjU5LTRmMjYtYTRhNS1iNDgyOWQ2ZjdkODY=",
            "object_id": "b1b28b0a-8c87-4432-8218-a3283bad9084",
            "subscription_id": "81b0b41e-5edd-4af2-86ea-1b1457a4374c",
            "tenant_id": "2db475df-db59-4f26-a4a5-b4829d6f7d86",
            "timeouts": null
          },
          "sensitive_attributes": []
        }
      ]
    },
    {
      "mode": "managed",
      "type": "azuread_application",
      "name": "jenkins_app",
      "provider": "provider[\"registry.terraform.io/hashicorp/azuread\"]",
      "instances": [
        {
          "schema_version": 2,
          "attributes": {
            "api": [
              {
                "known_client_applications": [],
                "mapped_claims_enabled": false,
                "oauth2_permission_scope": [],
                "requested_access_token_version": 1
              }
            ],
            "app_role": [],
            "app_role_ids": {},
            "application_id": "eab6e795-f5cf-4433-88ab-7d56992e74d9",
            "client_id": "eab6e795-f5cf-4433-88ab-7d56992e74d9",
            "description": "",
            "device_only_auth_enabled": false,
            "disabled_by_microsoft": "\u003cnil\u003e",
            "display_name": "jenkins-app",
            "fallback_public_client_enabled": false,
            "feature_tags": [
              {
                "custom_single_sign_on": false,
                "enterprise": false,
                "gallery": false,
                "hide": false
              }
            ],
            "group_membership_claims": null,
            "id": "/applications/86c184ce-3e99-47ed-acfa-8573502e6855",
            "identifier_uris": null,
            "logo_image": "",
            "logo_url": "",
            "marketing_url": "",
            "notes": "",
            "oauth2_permission_scope_ids": {},
            "oauth2_post_response_required": false,
            "object_id": "86c184ce-3e99-47ed-acfa-8573502e6855",
            "optional_claims": [
              {
                "access_token": [],
                "id_token": [],
                "saml2_token": []
              }
            ],
            "owners": null,
            "password": [],
            "prevent_duplicate_names": false,
            "privacy_statement_url": "",
            "public_client": [
              {
                "redirect_uris": []
              }
            ],
            "publisher_domain": "ashnageorge98gmailcom.onmicrosoft.com",
            "required_resource_access": [],
            "service_management_reference": "",
            "sign_in_audience": "AzureADMyOrg",
            "single_page_application": [
              {
                "redirect_uris": []
              }
            ],
            "support_url": "",
            "tags": [],
            "template_id": "",
            "terms_of_service_url": "",
            "timeouts": null,
            "web": [
              {
                "homepage_url": "",
                "implicit_grant": [
                  {
                    "access_token_issuance_enabled": false,
                    "id_token_issuance_enabled": false
                  }
                ],
                "logout_url": "",
                "redirect_uris": []
              }
            ]
          },
          "sensitive_attributes": [],
          "private": "eyJlMmJmYjczMC1lY2FhLTExZTYtOGY4OC0zNDM2M2JjN2M0YzAiOnsiY3JlYXRlIjo2MDAwMDAwMDAwMDAsImRlbGV0ZSI6MzAwMDAwMDAwMDAwLCJyZWFkIjozMDAwMDAwMDAwMDAsInVwZGF0ZSI6NjAwMDAwMDAwMDAwfSwic2NoZW1hX3ZlcnNpb24iOiIyIn0="
        }
      ]
    },
    {
      "mode": "managed",
      "type": "azuread_application_password",
      "name": "jenkins_password",
      "provider": "provider[\"registry.terraform.io/hashicorp/azuread\"]",
      "instances": []
    },
    {
      "mode": "managed",
      "type": "azuread_service_principal",
      "name": "jenkins_sp",
      "provider": "provider[\"registry.terraform.io/hashicorp/azuread\"]",
      "instances": [
        {
          "schema_version": 0,
          "attributes": {
            "account_enabled": true,
            "alternative_names": null,
            "app_role_assignment_required": false,
            "app_role_ids": {},
            "app_roles": [],
            "application_id": "eab6e795-f5cf-4433-88ab-7d56992e74d9",
            "application_tenant_id": "2db475df-db59-4f26-a4a5-b4829d6f7d86",
            "client_id": "eab6e795-f5cf-4433-88ab-7d56992e74d9",
            "description": "",
            "display_name": "jenkins-app",
            "feature_tags": [
              {
                "custom_single_sign_on": false,
                "enterprise": false,
                "gallery": false,
                "hide": false
              }
            ],
            "features": [
              {
                "custom_single_sign_on_app": false,
                "enterprise_application": false,
                "gallery_application": false,
                "visible_to_users": true
              }
            ],
            "homepage_url": "",
            "id": "bd110c77-8b81-4020-ac4d-554c6ee12b2b",
            "login_url": "",
            "logout_url": "",
            "notes": "",
            "notification_email_addresses": null,
            "oauth2_permission_scope_ids": {},
            "oauth2_permission_scopes": [],
            "object_id": "bd110c77-8b81-4020-ac4d-554c6ee12b2b",
            "owners": null,
            "preferred_single_sign_on_mode": "",
            "redirect_uris": [],
            "saml_metadata_url": "",
            "saml_single_sign_on": [
              {
                "relay_state": ""
              }
            ],
            "service_principal_names": [],
            "sign_in_audience": "AzureADMyOrg",
            "tags": [],
            "timeouts": null,
            "type": "Application",
            "use_existing": null
          },
          "sensitive_attributes": [],
          "private": "eyJlMmJmYjczMC1lY2FhLTExZTYtOGY4OC0zNDM2M2JjN2M0YzAiOnsiY3JlYXRlIjo2MDAwMDAwMDAwMDAsImRlbGV0ZSI6MzAwMDAwMDAwMDAwLCJyZWFkIjozMDAwMDAwMDAwMDAsInVwZGF0ZSI6NjAwMDAwMDAwMDAwfX0=",
          "dependencies": [
            "azuread_application.jenkins_app"
          ]
        }
      ]
    },
    {
      "mode": "managed",
      "type": "azurerm_linux_virtual_machine",
      "name": "example",
      "provider": "provider[\"registry.terraform.io/hashicorp/azurerm\"]",
      "instances": [
        {
          "schema_version": 0,
          "attributes": {
            "additional_capabilities": [],
            "admin_password": null,
            "admin_ssh_key": [
              {
                "public_key": "ssh-rsa AAAAB3NzaC1yc2EAAAADAQABAAABAQC4PIYjxo9jGR+6mbYtzrfMGD6/Ps1cj++F/xrAvjeVEhP1LoCNMO1xY2+kEZ11mmQqdSUqskE6qOJemMoVW7cyt7OckEwN/w6ZiJoH1n6yE+qcXul7U1CinioXXsUAIOrJGl4BLnvS4fWIiK4//LzoIsL9byT7XzcwfE94KvWK1bgOc3PazBxbcor3TqTyzO7QIhFgPznTaXdw7Dz8L3DPm1FvEU0lA57BJwFcMWA3znAJ9Pu9sdNHFf6S4GN5yutPY0s/jYMSGMi85GF/v6gWxsfLH9keCTE/uUxgUaEN9xw6mXdjSTi40j5kDro/e7RhNmlM4tJpOYD8c5UIvNOL",
                "username": "adminuser"
              }
            ],
            "admin_username": "adminuser",
            "allow_extension_operations": true,
            "availability_set_id": "",
            "boot_diagnostics": [],
            "bypass_platform_safety_checks_on_user_schedule_enabled": false,
            "capacity_reservation_group_id": "",
            "computer_name": "example-vm",
            "custom_data": null,
            "dedicated_host_group_id": "",
            "dedicated_host_id": "",
            "disable_password_authentication": true,
            "disk_controller_type": "",
            "edge_zone": "",
            "encryption_at_host_enabled": false,
            "eviction_policy": "",
            "extensions_time_budget": "PT1H30M",
            "gallery_application": [],
            "id": "/subscriptions/81b0b41e-5edd-4af2-86ea-1b1457a4374c/resourceGroups/ResGp1/providers/Microsoft.Compute/virtualMachines/example-vm",
            "identity": [],
            "license_type": "",
            "location": "eastus",
            "max_bid_price": -1,
            "name": "example-vm",
            "network_interface_ids": [
              "/subscriptions/81b0b41e-5edd-4af2-86ea-1b1457a4374c/resourceGroups/ResGp1/providers/Microsoft.Network/networkInterfaces/example-nic"
            ],
            "os_disk": [
              {
                "caching": "ReadWrite",
                "diff_disk_settings": [],
                "disk_encryption_set_id": "",
                "disk_size_gb": 30,
                "name": "example-vm_disk1_b2e7dca161a5466085acead44775e16e",
                "secure_vm_disk_encryption_set_id": "",
                "security_encryption_type": "",
                "storage_account_type": "Standard_LRS",
                "write_accelerator_enabled": false
              }
            ],
            "os_image_notification": [],
            "patch_assessment_mode": "ImageDefault",
            "patch_mode": "ImageDefault",
            "plan": [],
            "platform_fault_domain": -1,
            "priority": "Regular",
            "private_ip_address": "10.0.1.4",
            "private_ip_addresses": [
              "10.0.1.4"
            ],
            "provision_vm_agent": true,
            "proximity_placement_group_id": "",
            "public_ip_address": "",
            "public_ip_addresses": [],
            "reboot_setting": "",
            "resource_group_name": "ResGp1",
            "secret": [],
            "secure_boot_enabled": false,
            "size": "Standard_B1s",
            "source_image_id": "",
            "source_image_reference": [
              {
                "offer": "UbuntuServer",
                "publisher": "Canonical",
                "sku": "18.04-LTS",
                "version": "latest"
              }
            ],
            "tags": {},
            "termination_notification": [],
            "timeouts": null,
            "user_data": "",
            "virtual_machine_id": "cf016240-ed12-427a-985c-b8899b6c332b",
            "virtual_machine_scale_set_id": "",
            "vm_agent_platform_updates_enabled": false,
            "vtpm_enabled": false,
            "zone": ""
          },
          "sensitive_attributes": [],
          "private": "eyJlMmJmYjczMC1lY2FhLTExZTYtOGY4OC0zNDM2M2JjN2M0YzAiOnsiY3JlYXRlIjoyNzAwMDAwMDAwMDAwLCJkZWxldGUiOjI3MDAwMDAwMDAwMDAsInJlYWQiOjMwMDAwMDAwMDAwMCwidXBkYXRlIjoyNzAwMDAwMDAwMDAwfX0=",
          "dependencies": [
            "azurerm_network_interface.example",
            "azurerm_resource_group.example",
            "azurerm_subnet.example",
            "azurerm_virtual_network.example"
          ]
        }
      ]
    },
    {
      "mode": "managed",
      "type": "azurerm_network_interface",
      "name": "example",
      "provider": "provider[\"registry.terraform.io/hashicorp/azurerm\"]",
      "instances": [
        {
          "schema_version": 0,
          "attributes": {
            "accelerated_networking_enabled": false,
            "applied_dns_servers": [],
            "auxiliary_mode": "",
            "auxiliary_sku": "",
            "dns_servers": [],
            "edge_zone": "",
            "enable_accelerated_networking": false,
            "enable_ip_forwarding": false,
            "id": "/subscriptions/81b0b41e-5edd-4af2-86ea-1b1457a4374c/resourceGroups/ResGp1/providers/Microsoft.Network/networkInterfaces/example-nic",
            "internal_dns_name_label": "",
            "internal_domain_name_suffix": "jcbqjanx0xru1kbot24lg1vrid.bx.internal.cloudapp.net",
            "ip_configuration": [
              {
                "gateway_load_balancer_frontend_ip_configuration_id": "",
                "name": "internal",
                "primary": true,
                "private_ip_address": "10.0.1.4",
                "private_ip_address_allocation": "Dynamic",
                "private_ip_address_version": "IPv4",
                "public_ip_address_id": "",
                "subnet_id": "/subscriptions/81b0b41e-5edd-4af2-86ea-1b1457a4374c/resourceGroups/ResGp1/providers/Microsoft.Network/virtualNetworks/example-vnet/subnets/example-subnet"
              }
            ],
            "ip_forwarding_enabled": false,
            "location": "eastus",
            "mac_address": "00-0D-3A-4F-86-E7",
            "name": "example-nic",
            "private_ip_address": "10.0.1.4",
            "private_ip_addresses": [
              "10.0.1.4"
            ],
            "resource_group_name": "ResGp1",
            "tags": {},
            "timeouts": null,
            "virtual_machine_id": "/subscriptions/81b0b41e-5edd-4af2-86ea-1b1457a4374c/resourceGroups/ResGp1/providers/Microsoft.Compute/virtualMachines/example-vm"
          },
          "sensitive_attributes": [],
          "private": "eyJlMmJmYjczMC1lY2FhLTExZTYtOGY4OC0zNDM2M2JjN2M0YzAiOnsiY3JlYXRlIjoxODAwMDAwMDAwMDAwLCJkZWxldGUiOjE4MDAwMDAwMDAwMDAsInJlYWQiOjMwMDAwMDAwMDAwMCwidXBkYXRlIjoxODAwMDAwMDAwMDAwfX0=",
          "dependencies": [
            "azurerm_resource_group.example",
            "azurerm_subnet.example",
            "azurerm_virtual_network.example"
          ]
        }
      ]
    },
    {
      "mode": "managed",
      "type": "azurerm_resource_group",
      "name": "example",
      "provider": "provider[\"registry.terraform.io/hashicorp/azurerm\"]",
      "instances": [
        {
          "schema_version": 0,
          "attributes": {
            "id": "/subscriptions/81b0b41e-5edd-4af2-86ea-1b1457a4374c/resourceGroups/ResGp1",
            "location": "eastus",
            "managed_by": "",
            "name": "ResGp1",
            "tags": {},
            "timeouts": null
          },
          "sensitive_attributes": [],
          "private": "eyJlMmJmYjczMC1lY2FhLTExZTYtOGY4OC0zNDM2M2JjN2M0YzAiOnsiY3JlYXRlIjo1NDAwMDAwMDAwMDAwLCJkZWxldGUiOjU0MDAwMDAwMDAwMDAsInJlYWQiOjMwMDAwMDAwMDAwMCwidXBkYXRlIjo1NDAwMDAwMDAwMDAwfX0="
        }
      ]
    },
    {
      "mode": "managed",
      "type": "azurerm_role_assignment",
      "name": "jenkins_role",
      "provider": "provider[\"registry.terraform.io/hashicorp/azurerm\"]",
      "instances": [
        {
          "schema_version": 0,
          "attributes": {
            "condition": "",
            "condition_version": "",
            "delegated_managed_identity_resource_id": "",
            "description": "",
            "id": "/subscriptions/81b0b41e-5edd-4af2-86ea-1b1457a4374c/providers/Microsoft.Authorization/roleAssignments/d15274c9-f1f0-335e-155a-7b8ff0272e3f",
            "name": "d15274c9-f1f0-335e-155a-7b8ff0272e3f",
            "principal_id": "bd110c77-8b81-4020-ac4d-554c6ee12b2b",
            "principal_type": "ServicePrincipal",
            "role_definition_id": "/subscriptions/81b0b41e-5edd-4af2-86ea-1b1457a4374c/providers/Microsoft.Authorization/roleDefinitions/b24988ac-6180-42a0-ab88-20f7382dd24c",
            "role_definition_name": "Contributor",
            "scope": "/subscriptions/81b0b41e-5edd-4af2-86ea-1b1457a4374c",
            "skip_service_principal_aad_check": null,
            "timeouts": null
          },
          "sensitive_attributes": [],
          "private": "eyJlMmJmYjczMC1lY2FhLTExZTYtOGY4OC0zNDM2M2JjN2M0YzAiOnsiY3JlYXRlIjoxODAwMDAwMDAwMDAwLCJkZWxldGUiOjE4MDAwMDAwMDAwMDAsInJlYWQiOjMwMDAwMDAwMDAwMH19",
          "dependencies": [
            "azuread_application.jenkins_app",
            "azuread_service_principal.jenkins_sp",
            "data.azurerm_client_config.current"
          ]
        }
      ]
    },
    {
      "mode": "managed",
      "type": "azurerm_subnet",
      "name": "example",
      "provider": "provider[\"registry.terraform.io/hashicorp/azurerm\"]",
      "instances": [
        {
          "schema_version": 0,
          "attributes": {
            "address_prefixes": [
              "10.0.1.0/24"
            ],
            "default_outbound_access_enabled": true,
            "delegation": [],
            "enforce_private_link_endpoint_network_policies": false,
            "enforce_private_link_service_network_policies": false,
            "id": "/subscriptions/81b0b41e-5edd-4af2-86ea-1b1457a4374c/resourceGroups/ResGp1/providers/Microsoft.Network/virtualNetworks/example-vnet/subnets/example-subnet",
            "name": "example-subnet",
            "private_endpoint_network_policies": "Enabled",
            "private_endpoint_network_policies_enabled": true,
            "private_link_service_network_policies_enabled": true,
            "resource_group_name": "ResGp1",
            "service_endpoint_policy_ids": [],
            "service_endpoints": [],
            "timeouts": null,
            "virtual_network_name": "example-vnet"
          },
          "sensitive_attributes": [],
          "private": "eyJlMmJmYjczMC1lY2FhLTExZTYtOGY4OC0zNDM2M2JjN2M0YzAiOnsiY3JlYXRlIjoxODAwMDAwMDAwMDAwLCJkZWxldGUiOjE4MDAwMDAwMDAwMDAsInJlYWQiOjMwMDAwMDAwMDAwMCwidXBkYXRlIjoxODAwMDAwMDAwMDAwfX0=",
          "dependencies": [
            "azurerm_resource_group.example",
            "azurerm_virtual_network.example"
          ]
        }
      ]
    },
    {
      "mode": "managed",
      "type": "azurerm_virtual_network",
      "name": "example",
      "provider": "provider[\"registry.terraform.io/hashicorp/azurerm\"]",
      "instances": [
        {
          "schema_version": 0,
          "attributes": {
            "address_space": [
              "10.0.0.0/16"
            ],
            "bgp_community": "",
            "ddos_protection_plan": [],
            "dns_servers": [],
            "edge_zone": "",
            "encryption": [],
            "flow_timeout_in_minutes": 0,
            "guid": "81048348-d5b7-4de3-a82e-9f3cb36eb143",
            "id": "/subscriptions/81b0b41e-5edd-4af2-86ea-1b1457a4374c/resourceGroups/ResGp1/providers/Microsoft.Network/virtualNetworks/example-vnet",
            "location": "eastus",
            "name": "example-vnet",
            "resource_group_name": "ResGp1",
            "subnet": [
              {
                "address_prefix": "10.0.1.0/24",
                "id": "/subscriptions/81b0b41e-5edd-4af2-86ea-1b1457a4374c/resourceGroups/ResGp1/providers/Microsoft.Network/virtualNetworks/example-vnet/subnets/example-subnet",
                "name": "example-subnet",
                "security_group": ""
              }
            ],
            "tags": {},
            "timeouts": null
          },
          "sensitive_attributes": [],
          "private": "eyJlMmJmYjczMC1lY2FhLTExZTYtOGY4OC0zNDM2M2JjN2M0YzAiOnsiY3JlYXRlIjoxODAwMDAwMDAwMDAwLCJkZWxldGUiOjE4MDAwMDAwMDAwMDAsInJlYWQiOjMwMDAwMDAwMDAwMCwidXBkYXRlIjoxODAwMDAwMDAwMDAwfX0=",
          "dependencies": [
            "azurerm_resource_group.example"
          ]
        }
      ]
    }
  ],
  "check_results": null
}
